{
  "name": "node-documents-scripting",
  "version": "0.0.4",
  "lockfileVersion": 1,
  "dependencies": {
    "@types/node": {
      "version": "7.0.32",
      "resolved": "https://registry.npmjs.org/@types/node/-/node-7.0.32.tgz",
      "integrity": "sha512-7+0Ai8r8Xt6NNVM0Eo+XSqiZsBUYXg2yrCwyBhQzSfFHTGQWzFv/pk9106vPR8HWjKmGK+zzUj244POs4xfO2g=="
    },
    "commander": {
      "version": "2.9.0",
      "resolved": "https://registry.npmjs.org/commander/-/commander-2.9.0.tgz",
      "integrity": "sha1-nJkJQXbhIkDLItbFFGCYQA/g99Q="
    },
    "graceful-readlink": {
      "version": "1.0.1",
      "resolved": "https://registry.npmjs.org/graceful-readlink/-/graceful-readlink-1.0.1.tgz",
      "integrity": "sha1-TK+tdrxi8C+gObL5Tpo906ORpyU="
    },
    "node-file-log": {
      "version": "git+https://git@github.com/otris/node-file-log.git#d57254864d8fa22190b26843b5b6249e8ca2c0dd"
    },
    "node-sds": {
      "version": "git+https://git@github.com/otris/node-sds.git#d207c801d41bcbcb2624e312358e6921fdb0371f"
    },
    "promised-timeout": {
      "version": "0.3.3",
      "resolved": "https://registry.npmjs.org/promised-timeout/-/promised-timeout-0.3.3.tgz",
      "integrity": "sha1-N83SCVc6oiAW1eFE0RDYeAE4FsA="
    },
    "reduce-for-promises": {
      "version": "1.2.1",
      "resolved": "https://registry.npmjs.org/reduce-for-promises/-/reduce-for-promises-1.2.1.tgz",
      "integrity": "sha1-47ayxYbwMfeAp/UKtbR9+XU2fDY="
    },
    "strip-json-comments": {
      "version": "2.0.1",
      "resolved": "https://registry.npmjs.org/strip-json-comments/-/strip-json-comments-2.0.1.tgz",
      "integrity": "sha1-PFMZQukIwml8DsNEhYwobHygpgo="
    },
    "typescript": {
      "version": "2.3.4",
      "resolved": "https://registry.npmjs.org/typescript/-/typescript-2.3.4.tgz",
      "integrity": "sha1-PTgyGCgjHkNPKHUUlZw3qCtin0I="
    }
  }
}
