{
  "name": "node-documents-scripting",
  "version": "6.0.6",
  "lockfileVersion": 1,
  "requires": true,
  "dependencies": {
    "@types/node": {
      "version": "7.0.51",
      "resolved": "https://registry.npmjs.org/@types/node/-/node-7.0.51.tgz",
      "integrity": "sha512-h5u7FnEnG+Fn44HfknTTvu199FzFWVSo97ToSRWvXl1F11UfN6wGnE7exUy23pFfDn+CeluvEoCoe4l2eCVC3g=="
    },
    "commander": {
      "version": "2.12.2",
      "resolved": "https://registry.npmjs.org/commander/-/commander-2.12.2.tgz",
      "integrity": "sha512-BFnaq5ZOGcDN7FlrtBT4xxkgIToalIIxwjxLWVJ8bGTpe1LroqMiqQXdA7ygc7CRvaYS+9zfPGFnJqFSayx+AA=="
    },
    "fs-extra": {
      "version": "4.0.3",
      "resolved": "https://registry.npmjs.org/fs-extra/-/fs-extra-4.0.3.tgz",
      "integrity": "sha512-q6rbdDd1o2mAnQreO7YADIxf/Whx4AHBiRf6d+/cVT8h44ss+lHgxf1FemcqDnQt9X3ct4McHr+JMGlYSsK7Cg==",
      "requires": {
        "graceful-fs": "4.1.11",
        "jsonfile": "4.0.0",
        "universalify": "0.1.1"
      }
    },
    "graceful-fs": {
      "version": "4.1.11",
      "resolved": "https://registry.npmjs.org/graceful-fs/-/graceful-fs-4.1.11.tgz",
      "integrity": "sha1-Dovf5NHduIVNZOBOp8AOKgJuVlg="
    },
    "jsonfile": {
      "version": "4.0.0",
      "resolved": "https://registry.npmjs.org/jsonfile/-/jsonfile-4.0.0.tgz",
      "integrity": "sha1-h3Gq4HmbZAdrdmQPygWPnBDjPss=",
      "requires": {
        "graceful-fs": "4.1.11"
      }
    },
    "node-file-log": {
      "version": "git+https://git@github.com/otris/node-file-log.git#d57254864d8fa22190b26843b5b6249e8ca2c0dd",
      "requires": {
        "@types/node": "7.0.51"
      }
    },
    "node-sds": {
      "version": "git+https://git@github.com/otris/node-sds.git#e0e18c77454718e371c5a27d7cdd89bfebf4ef4c",
      "requires": {
        "@types/node": "7.0.51",
        "node-file-log": "git+https://github.com/otris/node-file-log.git#d57254864d8fa22190b26843b5b6249e8ca2c0dd",
        "promised-timeout": "0.3.3"
      },
      "dependencies": {
        "node-file-log": {
          "version": "git+https://github.com/otris/node-file-log.git#d57254864d8fa22190b26843b5b6249e8ca2c0dd",
          "requires": {
            "@types/node": "7.0.51"
          }
        }
      }
    },
    "promised-timeout": {
      "version": "0.3.3",
      "resolved": "https://registry.npmjs.org/promised-timeout/-/promised-timeout-0.3.3.tgz",
      "integrity": "sha1-N83SCVc6oiAW1eFE0RDYeAE4FsA="
    },
    "reduce-for-promises": {
      "version": "1.2.1",
      "resolved": "https://registry.npmjs.org/reduce-for-promises/-/reduce-for-promises-1.2.1.tgz",
      "integrity": "sha1-47ayxYbwMfeAp/UKtbR9+XU2fDY="
    },
    "strip-json-comments": {
      "version": "2.0.1",
      "resolved": "https://registry.npmjs.org/strip-json-comments/-/strip-json-comments-2.0.1.tgz",
      "integrity": "sha1-PFMZQukIwml8DsNEhYwobHygpgo="
    },
    "typescript": {
      "version": "2.6.2",
      "resolved": "https://registry.npmjs.org/typescript/-/typescript-2.6.2.tgz",
      "integrity": "sha1-PFtv1/beCRQmkCfwPAlGdY92c6Q="
    },
    "universalify": {
      "version": "0.1.1",
      "resolved": "https://registry.npmjs.org/universalify/-/universalify-0.1.1.tgz",
      "integrity": "sha1-+nG63UQ3r0wUiEHjs7Fl+enlkLc="
    }
  }
}
