{
  "name": "node-documents-scripting",
  "version": "6.3.0",
  "lockfileVersion": 1,
  "requires": true,
  "dependencies": {
    "@types/node": {
      "version": "7.0.53",
      "resolved": "https://registry.npmjs.org/@types/node/-/node-7.0.53.tgz",
      "integrity": "sha512-tLgSJHvGsqb/70B3jgkhb9rKVpHv38ixC7TOBqo68ajABkp69EhUFFNXu7MSMFa+cWCSm/zVXqylwh/728XlGg=="
    },
    "commander": {
      "version": "2.14.1",
      "resolved": "https://registry.npmjs.org/commander/-/commander-2.14.1.tgz",
      "integrity": "sha512-+YR16o3rK53SmWHU3rEM3tPAh2rwb1yPcQX5irVn7mb0gXbwuCCrnkbV5+PBfETdfg1vui07nM6PCG1zndcjQw=="
    },
    "fs-extra": {
      "version": "4.0.3",
      "resolved": "https://registry.npmjs.org/fs-extra/-/fs-extra-4.0.3.tgz",
      "integrity": "sha512-q6rbdDd1o2mAnQreO7YADIxf/Whx4AHBiRf6d+/cVT8h44ss+lHgxf1FemcqDnQt9X3ct4McHr+JMGlYSsK7Cg==",
      "requires": {
        "graceful-fs": "4.1.11",
        "jsonfile": "4.0.0",
        "universalify": "0.1.1"
      }
    },
    "graceful-fs": {
      "version": "4.1.11",
      "resolved": "https://registry.npmjs.org/graceful-fs/-/graceful-fs-4.1.11.tgz",
      "integrity": "sha1-Dovf5NHduIVNZOBOp8AOKgJuVlg="
    },
    "jsonfile": {
      "version": "4.0.0",
      "resolved": "https://registry.npmjs.org/jsonfile/-/jsonfile-4.0.0.tgz",
      "integrity": "sha1-h3Gq4HmbZAdrdmQPygWPnBDjPss=",
      "requires": {
        "graceful-fs": "4.1.11"
      }
    },
    "node-sds": {
      "version": "git+https://git@github.com/otris/node-sds.git#7283dd5e9ad0dce93bea6378af2a1ab1f829a9f3",
      "requires": {
        "@types/node": "7.0.53",
        "promised-timeout": "0.3.3"
      }
    },
    "promised-timeout": {
      "version": "0.3.3",
      "resolved": "https://registry.npmjs.org/promised-timeout/-/promised-timeout-0.3.3.tgz",
      "integrity": "sha1-N83SCVc6oiAW1eFE0RDYeAE4FsA="
    },
    "reduce-for-promises": {
      "version": "1.2.1",
      "resolved": "https://registry.npmjs.org/reduce-for-promises/-/reduce-for-promises-1.2.1.tgz",
      "integrity": "sha1-47ayxYbwMfeAp/UKtbR9+XU2fDY="
    },
    "strip-json-comments": {
      "version": "2.0.1",
      "resolved": "https://registry.npmjs.org/strip-json-comments/-/strip-json-comments-2.0.1.tgz",
      "integrity": "sha1-PFMZQukIwml8DsNEhYwobHygpgo="
    },
    "typescript": {
      "version": "2.4.1",
      "resolved": "https://registry.npmjs.org/typescript/-/typescript-2.4.1.tgz",
      "integrity": "sha1-w8yxbdqgsjFN4DHn5v7onlujRrw="
    },
    "universalify": {
      "version": "0.1.1",
      "resolved": "https://registry.npmjs.org/universalify/-/universalify-0.1.1.tgz",
      "integrity": "sha1-+nG63UQ3r0wUiEHjs7Fl+enlkLc="
    }
  }
}
